{
  "requires": true,
  "lockfileVersion": 1,
  "dependencies": {
    "cordova-background-geolocation-lt": {
      "version": "3.7.0",
      "resolved": "https://registry.npmjs.org/cordova-background-geolocation-lt/-/cordova-background-geolocation-lt-3.7.0.tgz",
      "integrity": "sha512-FWxtQ8u9KsVQ3k3dOHO6amgpPT1+yExI7JZ+AKeNkKRLh1/FP+kTokAsi5ZT7QAVtx1MfaumJ1GnP0ruGfDxkA=="
    }
  }
}
